
Microsoft Visual Studio Solution File, Format Version 12.00
# Visual Studio Version 17
VisualStudioVersion = 17.1.32228.430
MinimumVisualStudioVersion = 10.0.40219.1
Project("{2150E333-8FDC-42A3-9474-1A3956D46DE8}") = "Solution Items", "Solution Items", "{8948C02A-914E-4A51-B1FE-2C608492EBF5}"
	ProjectSection(SolutionItems) = preProject
		.gitignore = .gitignore
		Resources\ContributorsHash.json = Resources\ContributorsHash.json
		Directory.Build.props = Directory.Build.props
		Resources\downloadList.json = Resources\downloadList.json
		Resources\IncompatiblePlugins.json = Resources\IncompatiblePlugins.json
		manifest.json = manifest.json
		Resources\UsersHash.json = Resources\UsersHash.json
	EndProjectSection
EndProject
Project("{9A19103F-16F7-4668-BE54-9A1E7A4F7556}") = "RotationSolver", "RotationSolver\RotationSolver.csproj", "{99EA3D95-33DC-424F-A9E6-FE6064F11592}"
EndProject
Project("{9A19103F-16F7-4668-BE54-9A1E7A4F7556}") = "ECommons", "ECommons\ECommons\ECommons.csproj", "{8EEA92E7-5D31-47AE-868A-0DCB96BAD31B}"
EndProject
Project("{9A19103F-16F7-4668-BE54-9A1E7A4F7556}") = "XIVPainter", "XIVPainter\XIVPainter\XIVPainter.csproj", "{43F3C89B-8538-4951-A3F7-E79E5970E54C}"
EndProject
Project("{9A19103F-16F7-4668-BE54-9A1E7A4F7556}") = "RotationSolver.Basic", "RotationSolver.Basic\RotationSolver.Basic.csproj", "{E4895C89-77DB-48CE-81DD-22B7B524EFFA}"
EndProject
Project("{9A19103F-16F7-4668-BE54-9A1E7A4F7556}") = "RotationSolver.SourceGenerators", "RotationSolver.SourceGenerators\RotationSolver.SourceGenerators.csproj", "{9DC5B596-ED7C-4FF7-AC3C-B3DB79BC3B86}"
EndProject
Project("{9A19103F-16F7-4668-BE54-9A1E7A4F7556}") = "RotationSolver.GameData", "RotationSolver.GameData\RotationSolver.GameData.csproj", "{FE8D8078-67F6-473E-9076-B01C62F5B937}"
EndProject
Project("{9A19103F-16F7-4668-BE54-9A1E7A4F7556}") = "XIVConfigUI", "XIVConfigUI\XIVConfigUI\XIVConfigUI.csproj", "{748B579A-515D-41B4-9BBF-6DE52D03F06B}"
EndProject
Global
	GlobalSection(SolutionConfigurationPlatforms) = preSolution
		Debug|Any CPU = Debug|Any CPU
		Debug|x64 = Debug|x64
		Release|Any CPU = Release|Any CPU
		Release|x64 = Release|x64
	EndGlobalSection
	GlobalSection(ProjectConfigurationPlatforms) = postSolution
		{99EA3D95-33DC-424F-A9E6-FE6064F11592}.Debug|Any CPU.ActiveCfg = Debug|Any CPU
		{99EA3D95-33DC-424F-A9E6-FE6064F11592}.Debug|Any CPU.Build.0 = Debug|Any CPU
		{99EA3D95-33DC-424F-A9E6-FE6064F11592}.Debug|x64.ActiveCfg = Debug|Any CPU
		{99EA3D95-33DC-424F-A9E6-FE6064F11592}.Debug|x64.Build.0 = Debug|Any CPU
		{99EA3D95-33DC-424F-A9E6-FE6064F11592}.Release|Any CPU.ActiveCfg = Release|Any CPU
		{99EA3D95-33DC-424F-A9E6-FE6064F11592}.Release|Any CPU.Build.0 = Release|Any CPU
		{99EA3D95-33DC-424F-A9E6-FE6064F11592}.Release|x64.ActiveCfg = Release|Any CPU
		{99EA3D95-33DC-424F-A9E6-FE6064F11592}.Release|x64.Build.0 = Release|Any CPU
		{8EEA92E7-5D31-47AE-868A-0DCB96BAD31B}.Debug|Any CPU.ActiveCfg = Debug|x64
		{8EEA92E7-5D31-47AE-868A-0DCB96BAD31B}.Debug|Any CPU.Build.0 = Debug|x64
		{8EEA92E7-5D31-47AE-868A-0DCB96BAD31B}.Debug|x64.ActiveCfg = Debug|x64
		{8EEA92E7-5D31-47AE-868A-0DCB96BAD31B}.Debug|x64.Build.0 = Debug|x64
		{8EEA92E7-5D31-47AE-868A-0DCB96BAD31B}.Release|Any CPU.ActiveCfg = Release|x64
		{8EEA92E7-5D31-47AE-868A-0DCB96BAD31B}.Release|Any CPU.Build.0 = Release|x64
		{8EEA92E7-5D31-47AE-868A-0DCB96BAD31B}.Release|x64.ActiveCfg = Release|x64
		{8EEA92E7-5D31-47AE-868A-0DCB96BAD31B}.Release|x64.Build.0 = Release|x64
		{43F3C89B-8538-4951-A3F7-E79E5970E54C}.Debug|Any CPU.ActiveCfg = Debug|Any CPU
		{43F3C89B-8538-4951-A3F7-E79E5970E54C}.Debug|Any CPU.Build.0 = Debug|Any CPU
		{43F3C89B-8538-4951-A3F7-E79E5970E54C}.Debug|x64.ActiveCfg = Debug|Any CPU
		{43F3C89B-8538-4951-A3F7-E79E5970E54C}.Debug|x64.Build.0 = Debug|Any CPU
		{43F3C89B-8538-4951-A3F7-E79E5970E54C}.Release|Any CPU.ActiveCfg = Release|Any CPU
		{43F3C89B-8538-4951-A3F7-E79E5970E54C}.Release|Any CPU.Build.0 = Release|Any CPU
		{43F3C89B-8538-4951-A3F7-E79E5970E54C}.Release|x64.ActiveCfg = Release|Any CPU
		{43F3C89B-8538-4951-A3F7-E79E5970E54C}.Release|x64.Build.0 = Release|Any CPU
		{E4895C89-77DB-48CE-81DD-22B7B524EFFA}.Debug|Any CPU.ActiveCfg = Debug|Any CPU
		{E4895C89-77DB-48CE-81DD-22B7B524EFFA}.Debug|Any CPU.Build.0 = Debug|Any CPU
		{E4895C89-77DB-48CE-81DD-22B7B524EFFA}.Debug|x64.ActiveCfg = Debug|Any CPU
		{E4895C89-77DB-48CE-81DD-22B7B524EFFA}.Debug|x64.Build.0 = Debug|Any CPU
		{E4895C89-77DB-48CE-81DD-22B7B524EFFA}.Release|Any CPU.ActiveCfg = Release|Any CPU
		{E4895C89-77DB-48CE-81DD-22B7B524EFFA}.Release|Any CPU.Build.0 = Release|Any CPU
		{E4895C89-77DB-48CE-81DD-22B7B524EFFA}.Release|x64.ActiveCfg = Release|Any CPU
		{E4895C89-77DB-48CE-81DD-22B7B524EFFA}.Release|x64.Build.0 = Release|Any CPU
		{9DC5B596-ED7C-4FF7-AC3C-B3DB79BC3B86}.Debug|Any CPU.ActiveCfg = Debug|Any CPU
		{9DC5B596-ED7C-4FF7-AC3C-B3DB79BC3B86}.Debug|Any CPU.Build.0 = Debug|Any CPU
		{9DC5B596-ED7C-4FF7-AC3C-B3DB79BC3B86}.Debug|x64.ActiveCfg = Debug|Any CPU
		{9DC5B596-ED7C-4FF7-AC3C-B3DB79BC3B86}.Debug|x64.Build.0 = Debug|Any CPU
		{9DC5B596-ED7C-4FF7-AC3C-B3DB79BC3B86}.Release|Any CPU.ActiveCfg = Release|Any CPU
		{9DC5B596-ED7C-4FF7-AC3C-B3DB79BC3B86}.Release|Any CPU.Build.0 = Release|Any CPU
		{9DC5B596-ED7C-4FF7-AC3C-B3DB79BC3B86}.Release|x64.ActiveCfg = Release|Any CPU
		{9DC5B596-ED7C-4FF7-AC3C-B3DB79BC3B86}.Release|x64.Build.0 = Release|Any CPU
		{FE8D8078-67F6-473E-9076-B01C62F5B937}.Debug|Any CPU.ActiveCfg = Debug|Any CPU
		{FE8D8078-67F6-473E-9076-B01C62F5B937}.Debug|Any CPU.Build.0 = Debug|Any CPU
		{FE8D8078-67F6-473E-9076-B01C62F5B937}.Debug|x64.ActiveCfg = Debug|Any CPU
		{FE8D8078-67F6-473E-9076-B01C62F5B937}.Debug|x64.Build.0 = Debug|Any CPU
		{FE8D8078-67F6-473E-9076-B01C62F5B937}.Release|Any CPU.ActiveCfg = Release|Any CPU
		{FE8D8078-67F6-473E-9076-B01C62F5B937}.Release|Any CPU.Build.0 = Release|Any CPU
		{FE8D8078-67F6-473E-9076-B01C62F5B937}.Release|x64.ActiveCfg = Release|Any CPU
		{FE8D8078-67F6-473E-9076-B01C62F5B937}.Release|x64.Build.0 = Release|Any CPU
		{748B579A-515D-41B4-9BBF-6DE52D03F06B}.Debug|Any CPU.ActiveCfg = Debug|Any CPU
		{748B579A-515D-41B4-9BBF-6DE52D03F06B}.Debug|Any CPU.Build.0 = Debug|Any CPU
		{748B579A-515D-41B4-9BBF-6DE52D03F06B}.Debug|x64.ActiveCfg = Debug|Any CPU
		{748B579A-515D-41B4-9BBF-6DE52D03F06B}.Debug|x64.Build.0 = Debug|Any CPU
		{748B579A-515D-41B4-9BBF-6DE52D03F06B}.Release|Any CPU.ActiveCfg = Release|Any CPU
		{748B579A-515D-41B4-9BBF-6DE52D03F06B}.Release|Any CPU.Build.0 = Release|Any CPU
		{748B579A-515D-41B4-9BBF-6DE52D03F06B}.Release|x64.ActiveCfg = Release|Any CPU
		{748B579A-515D-41B4-9BBF-6DE52D03F06B}.Release|x64.Build.0 = Release|Any CPU
	EndGlobalSection
	GlobalSection(SolutionProperties) = preSolution
		HideSolutionNode = FALSE
	EndGlobalSection
	GlobalSection(ExtensibilityGlobals) = postSolution
		SolutionGuid = {37674B88-2038-4C63-A979-84404391773A}
	EndGlobalSection
EndGlobal
