
Microsoft Visual Studio Solution File, Format Version 12.00
# Visual Studio Version 17
VisualStudioVersion = 17.1.32228.430
MinimumVisualStudioVersion = 10.0.40219.1
Project("{2150E333-8FDC-42A3-9474-1A3956D46DE8}") = "Solution Items", "Solution Items", "{8948C02A-914E-4A51-B1FE-2C608492EBF5}"
	ProjectSection(SolutionItems) = preProject
		.gitignore = .gitignore
		Resources\ContributorsHash.json = Resources\ContributorsHash.json
		Directory.Build.props = Directory.Build.props
		Resources\downloadList.json = Resources\downloadList.json
		Resources\IncompatiblePlugins.json = Resources\IncompatiblePlugins.json
		manifest.json = manifest.json
	EndProjectSection
EndProject
Project("{9A19103F-16F7-4668-BE54-9A1E7A4F7556}") = "RotationSolver", "RotationSolver\RotationSolver.csproj", "{99EA3D95-33DC-424F-A9E6-FE6064F11592}"
EndProject
Project("{9A19103F-16F7-4668-BE54-9A1E7A4F7556}") = "RotationSolver.Basic", "RotationSolver.Basic\RotationSolver.Basic\RotationSolver.Basic.csproj", "{FE68A17E-5B53-4AD5-A093-CC2A082E7EBF}"
EndProject
Project("{9A19103F-16F7-4668-BE54-9A1E7A4F7556}") = "ECommons", "RotationSolver.Basic\ECommons\ECommons\ECommons.csproj", "{E4E84794-B8AA-4C90-846F-12BE61A00B00}"
EndProject
Project("{9A19103F-16F7-4668-BE54-9A1E7A4F7556}") = "XIVConfigUI", "RotationSolver.Basic\XIVConfigUI\XIVConfigUI\XIVConfigUI.csproj", "{AA9FA813-B652-4BA1-9008-B2B6911DE38B}"
EndProject
Project("{9A19103F-16F7-4668-BE54-9A1E7A4F7556}") = "XIVDrawer", "RotationSolver.Basic\XIVDrawer\XIVDrawer\XIVDrawer.csproj", "{926AF806-69B3-442E-9A8E-EE051A9964EE}"
EndProject
Project("{9A19103F-16F7-4668-BE54-9A1E7A4F7556}") = "RotationSolver.SourceGenerators", "RotationSolver.Basic\RotationSolver.SourceGenerators\RotationSolver.SourceGenerators.csproj", "{B777EA91-6BA3-4846-A16D-DAD3DA9C304A}"
EndProject
Project("{9A19103F-16F7-4668-BE54-9A1E7A4F7556}") = "RotationSolver.GameData", "RotationSolver.Basic\RotationSolver.GameData\RotationSolver.GameData.csproj", "{5D80B587-44D9-4755-AD2B-2E6AFEF2166A}"
EndProject
Global
	GlobalSection(SolutionConfigurationPlatforms) = preSolution
		Debug|Any CPU = Debug|Any CPU
		Debug|x64 = Debug|x64
		DebugNoForms|Any CPU = DebugNoForms|Any CPU
		DebugNoForms|x64 = DebugNoForms|x64
		Release|Any CPU = Release|Any CPU
		Release|x64 = Release|x64
		ReleaseNoForms|Any CPU = ReleaseNoForms|Any CPU
		ReleaseNoForms|x64 = ReleaseNoForms|x64
	EndGlobalSection
	GlobalSection(ProjectConfigurationPlatforms) = postSolution
		{99EA3D95-33DC-424F-A9E6-FE6064F11592}.Debug|Any CPU.ActiveCfg = Debug|Any CPU
		{99EA3D95-33DC-424F-A9E6-FE6064F11592}.Debug|Any CPU.Build.0 = Debug|Any CPU
		{99EA3D95-33DC-424F-A9E6-FE6064F11592}.Debug|x64.ActiveCfg = Debug|Any CPU
		{99EA3D95-33DC-424F-A9E6-FE6064F11592}.Debug|x64.Build.0 = Debug|Any CPU
		{99EA3D95-33DC-424F-A9E6-FE6064F11592}.DebugNoForms|Any CPU.ActiveCfg = Debug|Any CPU
		{99EA3D95-33DC-424F-A9E6-FE6064F11592}.DebugNoForms|Any CPU.Build.0 = Debug|Any CPU
		{99EA3D95-33DC-424F-A9E6-FE6064F11592}.DebugNoForms|x64.ActiveCfg = Debug|Any CPU
		{99EA3D95-33DC-424F-A9E6-FE6064F11592}.DebugNoForms|x64.Build.0 = Debug|Any CPU
		{99EA3D95-33DC-424F-A9E6-FE6064F11592}.Release|Any CPU.ActiveCfg = Release|Any CPU
		{99EA3D95-33DC-424F-A9E6-FE6064F11592}.Release|Any CPU.Build.0 = Release|Any CPU
		{99EA3D95-33DC-424F-A9E6-FE6064F11592}.Release|x64.ActiveCfg = Release|Any CPU
		{99EA3D95-33DC-424F-A9E6-FE6064F11592}.Release|x64.Build.0 = Release|Any CPU
		{99EA3D95-33DC-424F-A9E6-FE6064F11592}.ReleaseNoForms|Any CPU.ActiveCfg = Release|Any CPU
		{99EA3D95-33DC-424F-A9E6-FE6064F11592}.ReleaseNoForms|Any CPU.Build.0 = Release|Any CPU
		{99EA3D95-33DC-424F-A9E6-FE6064F11592}.ReleaseNoForms|x64.ActiveCfg = Release|Any CPU
		{99EA3D95-33DC-424F-A9E6-FE6064F11592}.ReleaseNoForms|x64.Build.0 = Release|Any CPU
		{FE68A17E-5B53-4AD5-A093-CC2A082E7EBF}.Debug|Any CPU.ActiveCfg = Debug|Any CPU
		{FE68A17E-5B53-4AD5-A093-CC2A082E7EBF}.Debug|Any CPU.Build.0 = Debug|Any CPU
		{FE68A17E-5B53-4AD5-A093-CC2A082E7EBF}.Debug|x64.ActiveCfg = Debug|Any CPU
		{FE68A17E-5B53-4AD5-A093-CC2A082E7EBF}.Debug|x64.Build.0 = Debug|Any CPU
		{FE68A17E-5B53-4AD5-A093-CC2A082E7EBF}.DebugNoForms|Any CPU.ActiveCfg = Debug|Any CPU
		{FE68A17E-5B53-4AD5-A093-CC2A082E7EBF}.DebugNoForms|Any CPU.Build.0 = Debug|Any CPU
		{FE68A17E-5B53-4AD5-A093-CC2A082E7EBF}.DebugNoForms|x64.ActiveCfg = Debug|Any CPU
		{FE68A17E-5B53-4AD5-A093-CC2A082E7EBF}.DebugNoForms|x64.Build.0 = Debug|Any CPU
		{FE68A17E-5B53-4AD5-A093-CC2A082E7EBF}.Release|Any CPU.ActiveCfg = Release|Any CPU
		{FE68A17E-5B53-4AD5-A093-CC2A082E7EBF}.Release|Any CPU.Build.0 = Release|Any CPU
		{FE68A17E-5B53-4AD5-A093-CC2A082E7EBF}.Release|x64.ActiveCfg = Release|Any CPU
		{FE68A17E-5B53-4AD5-A093-CC2A082E7EBF}.Release|x64.Build.0 = Release|Any CPU
		{FE68A17E-5B53-4AD5-A093-CC2A082E7EBF}.ReleaseNoForms|Any CPU.ActiveCfg = Release|Any CPU
		{FE68A17E-5B53-4AD5-A093-CC2A082E7EBF}.ReleaseNoForms|Any CPU.Build.0 = Release|Any CPU
		{FE68A17E-5B53-4AD5-A093-CC2A082E7EBF}.ReleaseNoForms|x64.ActiveCfg = Release|Any CPU
		{FE68A17E-5B53-4AD5-A093-CC2A082E7EBF}.ReleaseNoForms|x64.Build.0 = Release|Any CPU
		{E4E84794-B8AA-4C90-846F-12BE61A00B00}.Debug|Any CPU.ActiveCfg = Debug|x64
		{E4E84794-B8AA-4C90-846F-12BE61A00B00}.Debug|Any CPU.Build.0 = Debug|x64
		{E4E84794-B8AA-4C90-846F-12BE61A00B00}.Debug|x64.ActiveCfg = Debug|x64
		{E4E84794-B8AA-4C90-846F-12BE61A00B00}.Debug|x64.Build.0 = Debug|x64
		{E4E84794-B8AA-4C90-846F-12BE61A00B00}.DebugNoForms|Any CPU.ActiveCfg = DebugNoForms|x64
		{E4E84794-B8AA-4C90-846F-12BE61A00B00}.DebugNoForms|Any CPU.Build.0 = DebugNoForms|x64
		{E4E84794-B8AA-4C90-846F-12BE61A00B00}.DebugNoForms|x64.ActiveCfg = DebugNoForms|x64
		{E4E84794-B8AA-4C90-846F-12BE61A00B00}.DebugNoForms|x64.Build.0 = DebugNoForms|x64
		{E4E84794-B8AA-4C90-846F-12BE61A00B00}.Release|Any CPU.ActiveCfg = Release|x64
		{E4E84794-B8AA-4C90-846F-12BE61A00B00}.Release|Any CPU.Build.0 = Release|x64
		{E4E84794-B8AA-4C90-846F-12BE61A00B00}.Release|x64.ActiveCfg = Release|x64
		{E4E84794-B8AA-4C90-846F-12BE61A00B00}.Release|x64.Build.0 = Release|x64
		{E4E84794-B8AA-4C90-846F-12BE61A00B00}.ReleaseNoForms|Any CPU.ActiveCfg = ReleaseNoForms|x64
		{E4E84794-B8AA-4C90-846F-12BE61A00B00}.ReleaseNoForms|Any CPU.Build.0 = ReleaseNoForms|x64
		{E4E84794-B8AA-4C90-846F-12BE61A00B00}.ReleaseNoForms|x64.ActiveCfg = ReleaseNoForms|x64
		{E4E84794-B8AA-4C90-846F-12BE61A00B00}.ReleaseNoForms|x64.Build.0 = ReleaseNoForms|x64
		{AA9FA813-B652-4BA1-9008-B2B6911DE38B}.Debug|Any CPU.ActiveCfg = Debug|Any CPU
		{AA9FA813-B652-4BA1-9008-B2B6911DE38B}.Debug|Any CPU.Build.0 = Debug|Any CPU
		{AA9FA813-B652-4BA1-9008-B2B6911DE38B}.Debug|x64.ActiveCfg = Debug|Any CPU
		{AA9FA813-B652-4BA1-9008-B2B6911DE38B}.Debug|x64.Build.0 = Debug|Any CPU
		{AA9FA813-B652-4BA1-9008-B2B6911DE38B}.DebugNoForms|Any CPU.ActiveCfg = Debug|Any CPU
		{AA9FA813-B652-4BA1-9008-B2B6911DE38B}.DebugNoForms|Any CPU.Build.0 = Debug|Any CPU
		{AA9FA813-B652-4BA1-9008-B2B6911DE38B}.DebugNoForms|x64.ActiveCfg = Debug|Any CPU
		{AA9FA813-B652-4BA1-9008-B2B6911DE38B}.DebugNoForms|x64.Build.0 = Debug|Any CPU
		{AA9FA813-B652-4BA1-9008-B2B6911DE38B}.Release|Any CPU.ActiveCfg = Release|Any CPU
		{AA9FA813-B652-4BA1-9008-B2B6911DE38B}.Release|Any CPU.Build.0 = Release|Any CPU
		{AA9FA813-B652-4BA1-9008-B2B6911DE38B}.Release|x64.ActiveCfg = Release|Any CPU
		{AA9FA813-B652-4BA1-9008-B2B6911DE38B}.Release|x64.Build.0 = Release|Any CPU
		{AA9FA813-B652-4BA1-9008-B2B6911DE38B}.ReleaseNoForms|Any CPU.ActiveCfg = Release|Any CPU
		{AA9FA813-B652-4BA1-9008-B2B6911DE38B}.ReleaseNoForms|Any CPU.Build.0 = Release|Any CPU
		{AA9FA813-B652-4BA1-9008-B2B6911DE38B}.ReleaseNoForms|x64.ActiveCfg = Release|Any CPU
		{AA9FA813-B652-4BA1-9008-B2B6911DE38B}.ReleaseNoForms|x64.Build.0 = Release|Any CPU
		{926AF806-69B3-442E-9A8E-EE051A9964EE}.Debug|Any CPU.ActiveCfg = Debug|Any CPU
		{926AF806-69B3-442E-9A8E-EE051A9964EE}.Debug|Any CPU.Build.0 = Debug|Any CPU
		{926AF806-69B3-442E-9A8E-EE051A9964EE}.Debug|x64.ActiveCfg = Debug|Any CPU
		{926AF806-69B3-442E-9A8E-EE051A9964EE}.Debug|x64.Build.0 = Debug|Any CPU
		{926AF806-69B3-442E-9A8E-EE051A9964EE}.DebugNoForms|Any CPU.ActiveCfg = Debug|Any CPU
		{926AF806-69B3-442E-9A8E-EE051A9964EE}.DebugNoForms|Any CPU.Build.0 = Debug|Any CPU
		{926AF806-69B3-442E-9A8E-EE051A9964EE}.DebugNoForms|x64.ActiveCfg = Debug|Any CPU
		{926AF806-69B3-442E-9A8E-EE051A9964EE}.DebugNoForms|x64.Build.0 = Debug|Any CPU
		{926AF806-69B3-442E-9A8E-EE051A9964EE}.Release|Any CPU.ActiveCfg = Release|Any CPU
		{926AF806-69B3-442E-9A8E-EE051A9964EE}.Release|Any CPU.Build.0 = Release|Any CPU
		{926AF806-69B3-442E-9A8E-EE051A9964EE}.Release|x64.ActiveCfg = Release|Any CPU
		{926AF806-69B3-442E-9A8E-EE051A9964EE}.Release|x64.Build.0 = Release|Any CPU
		{926AF806-69B3-442E-9A8E-EE051A9964EE}.ReleaseNoForms|Any CPU.ActiveCfg = Release|Any CPU
		{926AF806-69B3-442E-9A8E-EE051A9964EE}.ReleaseNoForms|Any CPU.Build.0 = Release|Any CPU
		{926AF806-69B3-442E-9A8E-EE051A9964EE}.ReleaseNoForms|x64.ActiveCfg = Release|Any CPU
		{926AF806-69B3-442E-9A8E-EE051A9964EE}.ReleaseNoForms|x64.Build.0 = Release|Any CPU
		{B777EA91-6BA3-4846-A16D-DAD3DA9C304A}.Debug|Any CPU.ActiveCfg = Debug|Any CPU
		{B777EA91-6BA3-4846-A16D-DAD3DA9C304A}.Debug|Any CPU.Build.0 = Debug|Any CPU
		{B777EA91-6BA3-4846-A16D-DAD3DA9C304A}.Debug|x64.ActiveCfg = Debug|Any CPU
		{B777EA91-6BA3-4846-A16D-DAD3DA9C304A}.Debug|x64.Build.0 = Debug|Any CPU
		{B777EA91-6BA3-4846-A16D-DAD3DA9C304A}.DebugNoForms|Any CPU.ActiveCfg = Debug|Any CPU
		{B777EA91-6BA3-4846-A16D-DAD3DA9C304A}.DebugNoForms|Any CPU.Build.0 = Debug|Any CPU
		{B777EA91-6BA3-4846-A16D-DAD3DA9C304A}.DebugNoForms|x64.ActiveCfg = Debug|Any CPU
		{B777EA91-6BA3-4846-A16D-DAD3DA9C304A}.DebugNoForms|x64.Build.0 = Debug|Any CPU
		{B777EA91-6BA3-4846-A16D-DAD3DA9C304A}.Release|Any CPU.ActiveCfg = Release|Any CPU
		{B777EA91-6BA3-4846-A16D-DAD3DA9C304A}.Release|Any CPU.Build.0 = Release|Any CPU
		{B777EA91-6BA3-4846-A16D-DAD3DA9C304A}.Release|x64.ActiveCfg = Release|Any CPU
		{B777EA91-6BA3-4846-A16D-DAD3DA9C304A}.Release|x64.Build.0 = Release|Any CPU
		{B777EA91-6BA3-4846-A16D-DAD3DA9C304A}.ReleaseNoForms|Any CPU.ActiveCfg = Release|Any CPU
		{B777EA91-6BA3-4846-A16D-DAD3DA9C304A}.ReleaseNoForms|Any CPU.Build.0 = Release|Any CPU
		{B777EA91-6BA3-4846-A16D-DAD3DA9C304A}.ReleaseNoForms|x64.ActiveCfg = Release|Any CPU
		{B777EA91-6BA3-4846-A16D-DAD3DA9C304A}.ReleaseNoForms|x64.Build.0 = Release|Any CPU
		{5D80B587-44D9-4755-AD2B-2E6AFEF2166A}.Debug|Any CPU.ActiveCfg = Debug|Any CPU
		{5D80B587-44D9-4755-AD2B-2E6AFEF2166A}.Debug|Any CPU.Build.0 = Debug|Any CPU
		{5D80B587-44D9-4755-AD2B-2E6AFEF2166A}.Debug|x64.ActiveCfg = Debug|Any CPU
		{5D80B587-44D9-4755-AD2B-2E6AFEF2166A}.Debug|x64.Build.0 = Debug|Any CPU
		{5D80B587-44D9-4755-AD2B-2E6AFEF2166A}.DebugNoForms|Any CPU.ActiveCfg = Debug|Any CPU
		{5D80B587-44D9-4755-AD2B-2E6AFEF2166A}.DebugNoForms|Any CPU.Build.0 = Debug|Any CPU
		{5D80B587-44D9-4755-AD2B-2E6AFEF2166A}.DebugNoForms|x64.ActiveCfg = Debug|Any CPU
		{5D80B587-44D9-4755-AD2B-2E6AFEF2166A}.DebugNoForms|x64.Build.0 = Debug|Any CPU
		{5D80B587-44D9-4755-AD2B-2E6AFEF2166A}.Release|Any CPU.ActiveCfg = Release|Any CPU
		{5D80B587-44D9-4755-AD2B-2E6AFEF2166A}.Release|Any CPU.Build.0 = Release|Any CPU
		{5D80B587-44D9-4755-AD2B-2E6AFEF2166A}.Release|x64.ActiveCfg = Release|Any CPU
		{5D80B587-44D9-4755-AD2B-2E6AFEF2166A}.Release|x64.Build.0 = Release|Any CPU
		{5D80B587-44D9-4755-AD2B-2E6AFEF2166A}.ReleaseNoForms|Any CPU.ActiveCfg = Release|Any CPU
		{5D80B587-44D9-4755-AD2B-2E6AFEF2166A}.ReleaseNoForms|Any CPU.Build.0 = Release|Any CPU
		{5D80B587-44D9-4755-AD2B-2E6AFEF2166A}.ReleaseNoForms|x64.ActiveCfg = Release|Any CPU
		{5D80B587-44D9-4755-AD2B-2E6AFEF2166A}.ReleaseNoForms|x64.Build.0 = Release|Any CPU
	EndGlobalSection
	GlobalSection(SolutionProperties) = preSolution
		HideSolutionNode = FALSE
	EndGlobalSection
	GlobalSection(ExtensibilityGlobals) = postSolution
		SolutionGuid = {37674B88-2038-4C63-A979-84404391773A}
	EndGlobalSection
EndGlobal
